
Microsoft Visual Studio Solution File, Format Version 12.00
# Visual Studio Version 17
VisualStudioVersion = 17.1.32421.90
MinimumVisualStudioVersion = 10.0.40219.1
Project("{9A19103F-16F7-4668-BE54-9A1E7A4F7556}") = "Emby.Plugins.AutoMediaCleaner", "Emby.Plugins.AutoMediaCleaner.csproj", "{037A9714-9DB5-4F57-B7F5-5ED23F9F7135}"
EndProject
Global
	GlobalSection(SolutionConfigurationPlatforms) = preSolution
		Debug|Any CPU = Debug|Any CPU
		Release|Any CPU = Release|Any CPU
	EndGlobalSection
	GlobalSection(ProjectConfigurationPlatforms) = postSolution
		{037A9714-9DB5-4F57-B7F5-5ED23F9F7135}.Debug|Any CPU.ActiveCfg = Debug|Any CPU
		{037A9714-9DB5-4F57-B7F5-5ED23F9F7135}.Debug|Any CPU.Build.0 = Debug|Any CPU
		{037A9714-9DB5-4F57-B7F5-5ED23F9F7135}.Release|Any CPU.ActiveCfg = Release|Any CPU
		{037A9714-9DB5-4F57-B7F5-5ED23F9F7135}.Release|Any CPU.Build.0 = Release|Any CPU
	EndGlobalSection
	GlobalSection(SolutionProperties) = preSolution
		HideSolutionNode = FALSE
	EndGlobalSection
	GlobalSection(ExtensibilityGlobals) = postSolution
		SolutionGuid = {399C7ACC-8378-4F98-8062-C4DEFB2DF47D}
	EndGlobalSection
EndGlobal
